
Microsoft Visual Studio Solution File, Format Version 12.00
# Visual Studio Version 17
VisualStudioVersion = 17.5.33516.290
MinimumVisualStudioVersion = 10.0.40219.1
Project("{9A19103F-16F7-4668-BE54-9A1E7A4F7556}") = "ComputeLayer", "ComputeLayer.csproj", "{03A76962-B407-42B0-B607-3CD8F1988EFD}"
EndProject
Project("{9A19103F-16F7-4668-BE54-9A1E7A4F7556}") = "storageApplication", "..\..\Storage-Layer\storageApplication\storageApplication\storageApplication.csproj", "{685744D8-9529-4EAA-B05E-A207ADD47102}"
EndProject
Global
	GlobalSection(SolutionConfigurationPlatforms) = preSolution
		Debug|Any CPU = Debug|Any CPU
		Release|Any CPU = Release|Any CPU
	EndGlobalSection
	GlobalSection(ProjectConfigurationPlatforms) = postSolution
		{03A76962-B407-42B0-B607-3CD8F1988EFD}.Debug|Any CPU.ActiveCfg = Debug|Any CPU
		{03A76962-B407-42B0-B607-3CD8F1988EFD}.Debug|Any CPU.Build.0 = Debug|Any CPU
		{03A76962-B407-42B0-B607-3CD8F1988EFD}.Release|Any CPU.ActiveCfg = Release|Any CPU
		{03A76962-B407-42B0-B607-3CD8F1988EFD}.Release|Any CPU.Build.0 = Release|Any CPU
		{685744D8-9529-4EAA-B05E-A207ADD47102}.Debug|Any CPU.ActiveCfg = Debug|Any CPU
		{685744D8-9529-4EAA-B05E-A207ADD47102}.Debug|Any CPU.Build.0 = Debug|Any CPU
		{685744D8-9529-4EAA-B05E-A207ADD47102}.Release|Any CPU.ActiveCfg = Release|Any CPU
		{685744D8-9529-4EAA-B05E-A207ADD47102}.Release|Any CPU.Build.0 = Release|Any CPU
	EndGlobalSection
	GlobalSection(SolutionProperties) = preSolution
		HideSolutionNode = FALSE
	EndGlobalSection
	GlobalSection(ExtensibilityGlobals) = postSolution
		SolutionGuid = {F423597D-BFA1-41AA-95E5-881F624BF05D}
	EndGlobalSection
EndGlobal
